
Microsoft Visual Studio Solution File, Format Version 12.00
# Visual Studio Version 17
VisualStudioVersion = 17.7.34018.315
MinimumVisualStudioVersion = 10.0.40219.1
Project("{FAE04EC0-301F-11D3-BF4B-00C04F79EFBC}") = "WebApplicationmvcExam1", "WebApplicationmvcExam1\WebApplicationmvcExam1.csproj", "{9DB1403E-6E50-47B7-8CDC-0BDA87C1C48B}"
EndProject
Global
	GlobalSection(SolutionConfigurationPlatforms) = preSolution
		Debug|Any CPU = Debug|Any CPU
		Release|Any CPU = Release|Any CPU
	EndGlobalSection
	GlobalSection(ProjectConfigurationPlatforms) = postSolution
		{9DB1403E-6E50-47B7-8CDC-0BDA87C1C48B}.Debug|Any CPU.ActiveCfg = Debug|Any CPU
		{9DB1403E-6E50-47B7-8CDC-0BDA87C1C48B}.Debug|Any CPU.Build.0 = Debug|Any CPU
		{9DB1403E-6E50-47B7-8CDC-0BDA87C1C48B}.Release|Any CPU.ActiveCfg = Release|Any CPU
		{9DB1403E-6E50-47B7-8CDC-0BDA87C1C48B}.Release|Any CPU.Build.0 = Release|Any CPU
	EndGlobalSection
	GlobalSection(SolutionProperties) = preSolution
		HideSolutionNode = FALSE
	EndGlobalSection
	GlobalSection(ExtensibilityGlobals) = postSolution
		SolutionGuid = {DB298139-55A2-47D4-82A3-C334C1499100}
	EndGlobalSection
EndGlobal
